
Microsoft Visual Studio Solution File, Format Version 11.00
# Visual Studio 2010
Project("{FAE04EC0-301F-11D3-BF4B-00C04F79EFBC}") = "lab1", "lab1\lab1.csproj", "{CC85EF60-B287-4A3D-94EE-3B6DC6D9DDB2}"
EndProject
Project("{FAE04EC0-301F-11D3-BF4B-00C04F79EFBC}") = "Tests", "Tests\Tests.csproj", "{5944BA5C-8885-46F4-877B-8F41C99B647B}"
EndProject
Global
	GlobalSection(SolutionConfigurationPlatforms) = preSolution
		Debug|x86 = Debug|x86
		Release|x86 = Release|x86
		Default|Any CPU = Default|Any CPU
	EndGlobalSection
	GlobalSection(ProjectConfigurationPlatforms) = postSolution
		{5944BA5C-8885-46F4-877B-8F41C99B647B}.Debug|x86.ActiveCfg = Debug|Any CPU
		{5944BA5C-8885-46F4-877B-8F41C99B647B}.Debug|x86.Build.0 = Debug|Any CPU
		{5944BA5C-8885-46F4-877B-8F41C99B647B}.Default|Any CPU.ActiveCfg = Debug|Any CPU
		{5944BA5C-8885-46F4-877B-8F41C99B647B}.Default|Any CPU.Build.0 = Debug|Any CPU
		{5944BA5C-8885-46F4-877B-8F41C99B647B}.Release|x86.ActiveCfg = Release|Any CPU
		{5944BA5C-8885-46F4-877B-8F41C99B647B}.Release|x86.Build.0 = Release|Any CPU
		{CC85EF60-B287-4A3D-94EE-3B6DC6D9DDB2}.Debug|x86.ActiveCfg = Debug|x86
		{CC85EF60-B287-4A3D-94EE-3B6DC6D9DDB2}.Debug|x86.Build.0 = Debug|x86
		{CC85EF60-B287-4A3D-94EE-3B6DC6D9DDB2}.Release|x86.ActiveCfg = Release|x86
		{CC85EF60-B287-4A3D-94EE-3B6DC6D9DDB2}.Release|x86.Build.0 = Release|x86
	EndGlobalSection
	GlobalSection(MonoDevelopProperties) = preSolution
		StartupItem = lab1\lab1.csproj
	EndGlobalSection
EndGlobal
